
Microsoft Visual Studio Solution File, Format Version 12.00
# Visual Studio 15
VisualStudioVersion = 15.0.26730.15
MinimumVisualStudioVersion = 10.0.40219.1
Project("{FAE04EC0-301F-11D3-BF4B-00C04F79EFBC}") = "DesktopCapture", "DesktopCapture\DesktopCapture.csproj", "{D37E54CA-0306-432F-A6C3-5570C1CCE325}"
EndProject
Global
	GlobalSection(SolutionConfigurationPlatforms) = preSolution
		Debug|Any CPU = Debug|Any CPU
		Release|Any CPU = Release|Any CPU
	EndGlobalSection
	GlobalSection(ProjectConfigurationPlatforms) = postSolution
		{D37E54CA-0306-432F-A6C3-5570C1CCE325}.Debug|Any CPU.ActiveCfg = Debug|Any CPU
		{D37E54CA-0306-432F-A6C3-5570C1CCE325}.Debug|Any CPU.Build.0 = Debug|Any CPU
		{D37E54CA-0306-432F-A6C3-5570C1CCE325}.Release|Any CPU.ActiveCfg = Release|Any CPU
		{D37E54CA-0306-432F-A6C3-5570C1CCE325}.Release|Any CPU.Build.0 = Release|Any CPU
	EndGlobalSection
	GlobalSection(SolutionProperties) = preSolution
		HideSolutionNode = FALSE
	EndGlobalSection
	GlobalSection(ExtensibilityGlobals) = postSolution
		SolutionGuid = {2A0D4A10-6776-4A01-B40D-24C80A3DD6BA}
	EndGlobalSection
EndGlobal
